
Microsoft Visual Studio Solution File, Format Version 12.00
# Visual Studio 15
VisualStudioVersion = 15.0.27130.2010
MinimumVisualStudioVersion = 10.0.40219.1
Project("{FAE04EC0-301F-11D3-BF4B-00C04F79EFBC}") = "Testi2", "Testi2\Testi2.csproj", "{A3358261-7C38-4568-9836-BA09C56A115B}"
EndProject
Global
	GlobalSection(SolutionConfigurationPlatforms) = preSolution
		Debug|Any CPU = Debug|Any CPU
		Release|Any CPU = Release|Any CPU
	EndGlobalSection
	GlobalSection(ProjectConfigurationPlatforms) = postSolution
		{A3358261-7C38-4568-9836-BA09C56A115B}.Debug|Any CPU.ActiveCfg = Debug|Any CPU
		{A3358261-7C38-4568-9836-BA09C56A115B}.Debug|Any CPU.Build.0 = Debug|Any CPU
		{A3358261-7C38-4568-9836-BA09C56A115B}.Release|Any CPU.ActiveCfg = Release|Any CPU
		{A3358261-7C38-4568-9836-BA09C56A115B}.Release|Any CPU.Build.0 = Release|Any CPU
	EndGlobalSection
	GlobalSection(SolutionProperties) = preSolution
		HideSolutionNode = FALSE
	EndGlobalSection
	GlobalSection(ExtensibilityGlobals) = postSolution
		SolutionGuid = {D4F65474-4B37-439A-AB5D-8CCA47785439}
	EndGlobalSection
EndGlobal
